
Microsoft Visual Studio Solution File, Format Version 12.00
# Visual Studio 15
Project("{FAE04EC0-301F-11D3-BF4B-00C04F79EFBC}") = "Assembly-CSharp", "Assembly-CSharp.csproj", "{E7D116DD-82F3-F505-9F41-5FDD9420205F}"
EndProject
Project("{FAE04EC0-301F-11D3-BF4B-00C04F79EFBC}") = "Assembly-CSharp-Editor", "Assembly-CSharp-Editor.csproj", "{D16DADD6-F9BE-B7F6-FC0B-69CC7D0844F7}"
EndProject
Global
	GlobalSection(SolutionConfigurationPlatforms) = preSolution
		Debug|Any CPU = Debug|Any CPU
		Release|Any CPU = Release|Any CPU
	EndGlobalSection
	GlobalSection(ProjectConfigurationPlatforms) = postSolution
		{E7D116DD-82F3-F505-9F41-5FDD9420205F}.Debug|Any CPU.ActiveCfg = Debug|Any CPU
		{E7D116DD-82F3-F505-9F41-5FDD9420205F}.Debug|Any CPU.Build.0 = Debug|Any CPU
		{E7D116DD-82F3-F505-9F41-5FDD9420205F}.Release|Any CPU.ActiveCfg = Release|Any CPU
		{E7D116DD-82F3-F505-9F41-5FDD9420205F}.Release|Any CPU.Build.0 = Release|Any CPU
		{D16DADD6-F9BE-B7F6-FC0B-69CC7D0844F7}.Debug|Any CPU.ActiveCfg = Debug|Any CPU
		{D16DADD6-F9BE-B7F6-FC0B-69CC7D0844F7}.Debug|Any CPU.Build.0 = Debug|Any CPU
		{D16DADD6-F9BE-B7F6-FC0B-69CC7D0844F7}.Release|Any CPU.ActiveCfg = Release|Any CPU
		{D16DADD6-F9BE-B7F6-FC0B-69CC7D0844F7}.Release|Any CPU.Build.0 = Release|Any CPU
	EndGlobalSection
	GlobalSection(SolutionProperties) = preSolution
		HideSolutionNode = FALSE
	EndGlobalSection
EndGlobal
